
Microsoft Visual Studio Solution File, Format Version 11.00
# Visual Studio 2010
Project("{2150E333-8FDC-42A3-9474-1A3956D46DE8}") = "Common", "Common", "{FB5A590C-F925-447D-AF1E-A55B060EE6C3}"
EndProject
Project("{2150E333-8FDC-42A3-9474-1A3956D46DE8}") = "Models", "Models", "{48113BF7-77A1-4EE7-BABC-C04B5355FC59}"
EndProject
Project("{FAE04EC0-301F-11D3-BF4B-00C04F79EFBC}") = "VSMS.DataHelper", "Common\VSMS.DataHelper\VSMS.DataHelper.csproj", "{67B5D80E-BA36-421D-A69C-431DA8C8CCAC}"
EndProject
Project("{FAE04EC0-301F-11D3-BF4B-00C04F79EFBC}") = "XphpTool", "Common\XphpTool\XphpTool.csproj", "{C1368906-0A44-4123-A10D-D8F75A6C2F79}"
EndProject
Project("{FAE04EC0-301F-11D3-BF4B-00C04F79EFBC}") = "VSMS.BLL", "Models\VSMS.BLL\VSMS.BLL.csproj", "{7414532C-FED7-4E77-A477-E014BEE74BCA}"
EndProject
Project("{FAE04EC0-301F-11D3-BF4B-00C04F79EFBC}") = "VSMS.DAL", "Models\VSMS.DAL\VSMS.DAL.csproj", "{2B31254B-CC68-4822-84B7-B68EDE43862B}"
EndProject
Project("{FAE04EC0-301F-11D3-BF4B-00C04F79EFBC}") = "VSMS.Model", "Models\VSMS.Model\VSMS.Model.csproj", "{C2B3C990-23B9-4C6E-B5D3-C50C18C06BD1}"
EndProject
Project("{FAE04EC0-301F-11D3-BF4B-00C04F79EFBC}") = "VSMS.MVCModels", "Models\VSMS.MVCModels\VSMS.MVCModels.csproj", "{47759BFE-7B14-4E41-ADD4-3A2F283AAB50}"
EndProject
Project("{FAE04EC0-301F-11D3-BF4B-00C04F79EFBC}") = "VSMS.Web.MVC", "VSMS.Web.MVC\VSMS.Web.MVC.csproj", "{A88F1096-D10A-4507-B926-DF76F5CC3395}"
EndProject
Global
	GlobalSection(SolutionConfigurationPlatforms) = preSolution
		Debug|Any CPU = Debug|Any CPU
		Release|Any CPU = Release|Any CPU
	EndGlobalSection
	GlobalSection(ProjectConfigurationPlatforms) = postSolution
		{67B5D80E-BA36-421D-A69C-431DA8C8CCAC}.Debug|Any CPU.ActiveCfg = Debug|Any CPU
		{67B5D80E-BA36-421D-A69C-431DA8C8CCAC}.Debug|Any CPU.Build.0 = Debug|Any CPU
		{67B5D80E-BA36-421D-A69C-431DA8C8CCAC}.Release|Any CPU.ActiveCfg = Release|Any CPU
		{67B5D80E-BA36-421D-A69C-431DA8C8CCAC}.Release|Any CPU.Build.0 = Release|Any CPU
		{C1368906-0A44-4123-A10D-D8F75A6C2F79}.Debug|Any CPU.ActiveCfg = Debug|Any CPU
		{C1368906-0A44-4123-A10D-D8F75A6C2F79}.Debug|Any CPU.Build.0 = Debug|Any CPU
		{C1368906-0A44-4123-A10D-D8F75A6C2F79}.Release|Any CPU.ActiveCfg = Release|Any CPU
		{C1368906-0A44-4123-A10D-D8F75A6C2F79}.Release|Any CPU.Build.0 = Release|Any CPU
		{7414532C-FED7-4E77-A477-E014BEE74BCA}.Debug|Any CPU.ActiveCfg = Debug|Any CPU
		{7414532C-FED7-4E77-A477-E014BEE74BCA}.Debug|Any CPU.Build.0 = Debug|Any CPU
		{7414532C-FED7-4E77-A477-E014BEE74BCA}.Release|Any CPU.ActiveCfg = Release|Any CPU
		{7414532C-FED7-4E77-A477-E014BEE74BCA}.Release|Any CPU.Build.0 = Release|Any CPU
		{2B31254B-CC68-4822-84B7-B68EDE43862B}.Debug|Any CPU.ActiveCfg = Debug|Any CPU
		{2B31254B-CC68-4822-84B7-B68EDE43862B}.Debug|Any CPU.Build.0 = Debug|Any CPU
		{2B31254B-CC68-4822-84B7-B68EDE43862B}.Release|Any CPU.ActiveCfg = Release|Any CPU
		{2B31254B-CC68-4822-84B7-B68EDE43862B}.Release|Any CPU.Build.0 = Release|Any CPU
		{C2B3C990-23B9-4C6E-B5D3-C50C18C06BD1}.Debug|Any CPU.ActiveCfg = Debug|Any CPU
		{C2B3C990-23B9-4C6E-B5D3-C50C18C06BD1}.Debug|Any CPU.Build.0 = Debug|Any CPU
		{C2B3C990-23B9-4C6E-B5D3-C50C18C06BD1}.Release|Any CPU.ActiveCfg = Release|Any CPU
		{C2B3C990-23B9-4C6E-B5D3-C50C18C06BD1}.Release|Any CPU.Build.0 = Release|Any CPU
		{47759BFE-7B14-4E41-ADD4-3A2F283AAB50}.Debug|Any CPU.ActiveCfg = Debug|Any CPU
		{47759BFE-7B14-4E41-ADD4-3A2F283AAB50}.Debug|Any CPU.Build.0 = Debug|Any CPU
		{47759BFE-7B14-4E41-ADD4-3A2F283AAB50}.Release|Any CPU.ActiveCfg = Release|Any CPU
		{47759BFE-7B14-4E41-ADD4-3A2F283AAB50}.Release|Any CPU.Build.0 = Release|Any CPU
		{A88F1096-D10A-4507-B926-DF76F5CC3395}.Debug|Any CPU.ActiveCfg = Debug|Any CPU
		{A88F1096-D10A-4507-B926-DF76F5CC3395}.Debug|Any CPU.Build.0 = Debug|Any CPU
		{A88F1096-D10A-4507-B926-DF76F5CC3395}.Release|Any CPU.ActiveCfg = Release|Any CPU
		{A88F1096-D10A-4507-B926-DF76F5CC3395}.Release|Any CPU.Build.0 = Release|Any CPU
	EndGlobalSection
	GlobalSection(SolutionProperties) = preSolution
		HideSolutionNode = FALSE
	EndGlobalSection
	GlobalSection(NestedProjects) = preSolution
		{67B5D80E-BA36-421D-A69C-431DA8C8CCAC} = {FB5A590C-F925-447D-AF1E-A55B060EE6C3}
		{C1368906-0A44-4123-A10D-D8F75A6C2F79} = {FB5A590C-F925-447D-AF1E-A55B060EE6C3}
		{7414532C-FED7-4E77-A477-E014BEE74BCA} = {48113BF7-77A1-4EE7-BABC-C04B5355FC59}
		{2B31254B-CC68-4822-84B7-B68EDE43862B} = {48113BF7-77A1-4EE7-BABC-C04B5355FC59}
		{C2B3C990-23B9-4C6E-B5D3-C50C18C06BD1} = {48113BF7-77A1-4EE7-BABC-C04B5355FC59}
		{47759BFE-7B14-4E41-ADD4-3A2F283AAB50} = {48113BF7-77A1-4EE7-BABC-C04B5355FC59}
	EndGlobalSection
EndGlobal
